
Microsoft Visual Studio Solution File, Format Version 12.00
# Visual Studio 15
VisualStudioVersion = 15.0.26430.6
MinimumVisualStudioVersion = 10.0.40219.1
Project("{D954291E-2A0B-460D-934E-DC6B0785DB48}") = "App_112GW", "App 112GW\App_112GW\App_112GW.shproj", "{42703B07-6599-410F-AF0D-7097E5A63B1C}"
EndProject
Project("{FAE04EC0-301F-11D3-BF4B-00C04F79EFBC}") = "App_112GW.Android", "App 112GW\App_112GW.Android\App_112GW.Android.csproj", "{DE4A4122-66AF-455D-A666-F9236AA3DB89}"
EndProject
Project("{FAE04EC0-301F-11D3-BF4B-00C04F79EFBC}") = "App_112GW.iOS", "App 112GW\App_112GW.iOS\App_112GW.iOS.csproj", "{D3849BFD-7F63-4FBB-AFB2-24104381649E}"
EndProject
Project("{FAE04EC0-301F-11D3-BF4B-00C04F79EFBC}") = "App_112GW.UWP", "App 112GW\App_112GW.UWP\App_112GW.UWP.csproj", "{632E8605-2ACD-48CF-AA61-F85C72C92EC6}"
EndProject
Global
	GlobalSection(SharedMSBuildProjectFiles) = preSolution
		App 112GW\App_112GW\App_112GW.projitems*{42703b07-6599-410f-af0d-7097e5a63b1c}*SharedItemsImports = 13
		App 112GW\App_112GW\App_112GW.projitems*{632e8605-2acd-48cf-aa61-f85c72c92ec6}*SharedItemsImports = 4
		App 112GW\App_112GW\App_112GW.projitems*{d3849bfd-7f63-4fbb-afb2-24104381649e}*SharedItemsImports = 4
		App 112GW\App_112GW\App_112GW.projitems*{de4a4122-66af-455d-a666-f9236aa3db89}*SharedItemsImports = 4
	EndGlobalSection
	GlobalSection(SolutionConfigurationPlatforms) = preSolution
		Ad-Hoc|Any CPU = Ad-Hoc|Any CPU
		Ad-Hoc|ARM = Ad-Hoc|ARM
		Ad-Hoc|iPhone = Ad-Hoc|iPhone
		Ad-Hoc|iPhoneSimulator = Ad-Hoc|iPhoneSimulator
		Ad-Hoc|x64 = Ad-Hoc|x64
		Ad-Hoc|x86 = Ad-Hoc|x86
		AppStore|Any CPU = AppStore|Any CPU
		AppStore|ARM = AppStore|ARM
		AppStore|iPhone = AppStore|iPhone
		AppStore|iPhoneSimulator = AppStore|iPhoneSimulator
		AppStore|x64 = AppStore|x64
		AppStore|x86 = AppStore|x86
		Debug|Any CPU = Debug|Any CPU
		Debug|ARM = Debug|ARM
		Debug|iPhone = Debug|iPhone
		Debug|iPhoneSimulator = Debug|iPhoneSimulator
		Debug|x64 = Debug|x64
		Debug|x86 = Debug|x86
		Release|Any CPU = Release|Any CPU
		Release|ARM = Release|ARM
		Release|iPhone = Release|iPhone
		Release|iPhoneSimulator = Release|iPhoneSimulator
		Release|x64 = Release|x64
		Release|x86 = Release|x86
	EndGlobalSection
	GlobalSection(ProjectConfigurationPlatforms) = postSolution
		{DE4A4122-66AF-455D-A666-F9236AA3DB89}.Ad-Hoc|Any CPU.ActiveCfg = Release|Any CPU
		{DE4A4122-66AF-455D-A666-F9236AA3DB89}.Ad-Hoc|Any CPU.Build.0 = Release|Any CPU
		{DE4A4122-66AF-455D-A666-F9236AA3DB89}.Ad-Hoc|Any CPU.Deploy.0 = Release|Any CPU
		{DE4A4122-66AF-455D-A666-F9236AA3DB89}.Ad-Hoc|ARM.ActiveCfg = Release|Any CPU
		{DE4A4122-66AF-455D-A666-F9236AA3DB89}.Ad-Hoc|ARM.Build.0 = Release|Any CPU
		{DE4A4122-66AF-455D-A666-F9236AA3DB89}.Ad-Hoc|ARM.Deploy.0 = Release|Any CPU
		{DE4A4122-66AF-455D-A666-F9236AA3DB89}.Ad-Hoc|iPhone.ActiveCfg = Release|Any CPU
		{DE4A4122-66AF-455D-A666-F9236AA3DB89}.Ad-Hoc|iPhone.Build.0 = Release|Any CPU
		{DE4A4122-66AF-455D-A666-F9236AA3DB89}.Ad-Hoc|iPhone.Deploy.0 = Release|Any CPU
		{DE4A4122-66AF-455D-A666-F9236AA3DB89}.Ad-Hoc|iPhoneSimulator.ActiveCfg = Release|Any CPU
		{DE4A4122-66AF-455D-A666-F9236AA3DB89}.Ad-Hoc|iPhoneSimulator.Build.0 = Release|Any CPU
		{DE4A4122-66AF-455D-A666-F9236AA3DB89}.Ad-Hoc|iPhoneSimulator.Deploy.0 = Release|Any CPU
		{DE4A4122-66AF-455D-A666-F9236AA3DB89}.Ad-Hoc|x64.ActiveCfg = Release|Any CPU
		{DE4A4122-66AF-455D-A666-F9236AA3DB89}.Ad-Hoc|x64.Build.0 = Release|Any CPU
		{DE4A4122-66AF-455D-A666-F9236AA3DB89}.Ad-Hoc|x64.Deploy.0 = Release|Any CPU
		{DE4A4122-66AF-455D-A666-F9236AA3DB89}.Ad-Hoc|x86.ActiveCfg = Release|Any CPU
		{DE4A4122-66AF-455D-A666-F9236AA3DB89}.Ad-Hoc|x86.Build.0 = Release|Any CPU
		{DE4A4122-66AF-455D-A666-F9236AA3DB89}.Ad-Hoc|x86.Deploy.0 = Release|Any CPU
		{DE4A4122-66AF-455D-A666-F9236AA3DB89}.AppStore|Any CPU.ActiveCfg = Release|Any CPU
		{DE4A4122-66AF-455D-A666-F9236AA3DB89}.AppStore|Any CPU.Build.0 = Release|Any CPU
		{DE4A4122-66AF-455D-A666-F9236AA3DB89}.AppStore|Any CPU.Deploy.0 = Release|Any CPU
		{DE4A4122-66AF-455D-A666-F9236AA3DB89}.AppStore|ARM.ActiveCfg = Release|Any CPU
		{DE4A4122-66AF-455D-A666-F9236AA3DB89}.AppStore|ARM.Build.0 = Release|Any CPU
		{DE4A4122-66AF-455D-A666-F9236AA3DB89}.AppStore|ARM.Deploy.0 = Release|Any CPU
		{DE4A4122-66AF-455D-A666-F9236AA3DB89}.AppStore|iPhone.ActiveCfg = Release|Any CPU
		{DE4A4122-66AF-455D-A666-F9236AA3DB89}.AppStore|iPhone.Build.0 = Release|Any CPU
		{DE4A4122-66AF-455D-A666-F9236AA3DB89}.AppStore|iPhone.Deploy.0 = Release|Any CPU
		{DE4A4122-66AF-455D-A666-F9236AA3DB89}.AppStore|iPhoneSimulator.ActiveCfg = Release|Any CPU
		{DE4A4122-66AF-455D-A666-F9236AA3DB89}.AppStore|iPhoneSimulator.Build.0 = Release|Any CPU
		{DE4A4122-66AF-455D-A666-F9236AA3DB89}.AppStore|iPhoneSimulator.Deploy.0 = Release|Any CPU
		{DE4A4122-66AF-455D-A666-F9236AA3DB89}.AppStore|x64.ActiveCfg = Release|Any CPU
		{DE4A4122-66AF-455D-A666-F9236AA3DB89}.AppStore|x64.Build.0 = Release|Any CPU
		{DE4A4122-66AF-455D-A666-F9236AA3DB89}.AppStore|x64.Deploy.0 = Release|Any CPU
		{DE4A4122-66AF-455D-A666-F9236AA3DB89}.AppStore|x86.ActiveCfg = Release|Any CPU
		{DE4A4122-66AF-455D-A666-F9236AA3DB89}.AppStore|x86.Build.0 = Release|Any CPU
		{DE4A4122-66AF-455D-A666-F9236AA3DB89}.AppStore|x86.Deploy.0 = Release|Any CPU
		{DE4A4122-66AF-455D-A666-F9236AA3DB89}.Debug|Any CPU.ActiveCfg = Debug|Any CPU
		{DE4A4122-66AF-455D-A666-F9236AA3DB89}.Debug|Any CPU.Build.0 = Debug|Any CPU
		{DE4A4122-66AF-455D-A666-F9236AA3DB89}.Debug|Any CPU.Deploy.0 = Debug|Any CPU
		{DE4A4122-66AF-455D-A666-F9236AA3DB89}.Debug|ARM.ActiveCfg = Debug|Any CPU
		{DE4A4122-66AF-455D-A666-F9236AA3DB89}.Debug|ARM.Build.0 = Debug|Any CPU
		{DE4A4122-66AF-455D-A666-F9236AA3DB89}.Debug|ARM.Deploy.0 = Debug|Any CPU
		{DE4A4122-66AF-455D-A666-F9236AA3DB89}.Debug|iPhone.ActiveCfg = Debug|Any CPU
		{DE4A4122-66AF-455D-A666-F9236AA3DB89}.Debug|iPhone.Build.0 = Debug|Any CPU
		{DE4A4122-66AF-455D-A666-F9236AA3DB89}.Debug|iPhone.Deploy.0 = Debug|Any CPU
		{DE4A4122-66AF-455D-A666-F9236AA3DB89}.Debug|iPhoneSimulator.ActiveCfg = Debug|Any CPU
		{DE4A4122-66AF-455D-A666-F9236AA3DB89}.Debug|iPhoneSimulator.Build.0 = Debug|Any CPU
		{DE4A4122-66AF-455D-A666-F9236AA3DB89}.Debug|iPhoneSimulator.Deploy.0 = Debug|Any CPU
		{DE4A4122-66AF-455D-A666-F9236AA3DB89}.Debug|x64.ActiveCfg = Debug|Any CPU
		{DE4A4122-66AF-455D-A666-F9236AA3DB89}.Debug|x64.Build.0 = Debug|Any CPU
		{DE4A4122-66AF-455D-A666-F9236AA3DB89}.Debug|x64.Deploy.0 = Debug|Any CPU
		{DE4A4122-66AF-455D-A666-F9236AA3DB89}.Debug|x86.ActiveCfg = Debug|Any CPU
		{DE4A4122-66AF-455D-A666-F9236AA3DB89}.Debug|x86.Build.0 = Debug|Any CPU
		{DE4A4122-66AF-455D-A666-F9236AA3DB89}.Debug|x86.Deploy.0 = Debug|Any CPU
		{DE4A4122-66AF-455D-A666-F9236AA3DB89}.Release|Any CPU.ActiveCfg = Release|Any CPU
		{DE4A4122-66AF-455D-A666-F9236AA3DB89}.Release|Any CPU.Build.0 = Release|Any CPU
		{DE4A4122-66AF-455D-A666-F9236AA3DB89}.Release|Any CPU.Deploy.0 = Release|Any CPU
		{DE4A4122-66AF-455D-A666-F9236AA3DB89}.Release|ARM.ActiveCfg = Release|Any CPU
		{DE4A4122-66AF-455D-A666-F9236AA3DB89}.Release|ARM.Build.0 = Release|Any CPU
		{DE4A4122-66AF-455D-A666-F9236AA3DB89}.Release|ARM.Deploy.0 = Release|Any CPU
		{DE4A4122-66AF-455D-A666-F9236AA3DB89}.Release|iPhone.ActiveCfg = Release|Any CPU
		{DE4A4122-66AF-455D-A666-F9236AA3DB89}.Release|iPhone.Build.0 = Release|Any CPU
		{DE4A4122-66AF-455D-A666-F9236AA3DB89}.Release|iPhone.Deploy.0 = Release|Any CPU
		{DE4A4122-66AF-455D-A666-F9236AA3DB89}.Release|iPhoneSimulator.ActiveCfg = Release|Any CPU
		{DE4A4122-66AF-455D-A666-F9236AA3DB89}.Release|iPhoneSimulator.Build.0 = Release|Any CPU
		{DE4A4122-66AF-455D-A666-F9236AA3DB89}.Release|iPhoneSimulator.Deploy.0 = Release|Any CPU
		{DE4A4122-66AF-455D-A666-F9236AA3DB89}.Release|x64.ActiveCfg = Release|Any CPU
		{DE4A4122-66AF-455D-A666-F9236AA3DB89}.Release|x64.Build.0 = Release|Any CPU
		{DE4A4122-66AF-455D-A666-F9236AA3DB89}.Release|x64.Deploy.0 = Release|Any CPU
		{DE4A4122-66AF-455D-A666-F9236AA3DB89}.Release|x86.ActiveCfg = Release|Any CPU
		{DE4A4122-66AF-455D-A666-F9236AA3DB89}.Release|x86.Build.0 = Release|Any CPU
		{DE4A4122-66AF-455D-A666-F9236AA3DB89}.Release|x86.Deploy.0 = Release|Any CPU
		{D3849BFD-7F63-4FBB-AFB2-24104381649E}.Ad-Hoc|Any CPU.ActiveCfg = Ad-Hoc|iPhone
		{D3849BFD-7F63-4FBB-AFB2-24104381649E}.Ad-Hoc|ARM.ActiveCfg = Ad-Hoc|iPhone
		{D3849BFD-7F63-4FBB-AFB2-24104381649E}.Ad-Hoc|iPhone.ActiveCfg = Ad-Hoc|iPhone
		{D3849BFD-7F63-4FBB-AFB2-24104381649E}.Ad-Hoc|iPhone.Build.0 = Ad-Hoc|iPhone
		{D3849BFD-7F63-4FBB-AFB2-24104381649E}.Ad-Hoc|iPhoneSimulator.ActiveCfg = Ad-Hoc|iPhoneSimulator
		{D3849BFD-7F63-4FBB-AFB2-24104381649E}.Ad-Hoc|iPhoneSimulator.Build.0 = Ad-Hoc|iPhoneSimulator
		{D3849BFD-7F63-4FBB-AFB2-24104381649E}.Ad-Hoc|x64.ActiveCfg = Ad-Hoc|iPhone
		{D3849BFD-7F63-4FBB-AFB2-24104381649E}.Ad-Hoc|x86.ActiveCfg = Ad-Hoc|iPhone
		{D3849BFD-7F63-4FBB-AFB2-24104381649E}.AppStore|Any CPU.ActiveCfg = AppStore|iPhone
		{D3849BFD-7F63-4FBB-AFB2-24104381649E}.AppStore|ARM.ActiveCfg = AppStore|iPhone
		{D3849BFD-7F63-4FBB-AFB2-24104381649E}.AppStore|iPhone.ActiveCfg = AppStore|iPhone
		{D3849BFD-7F63-4FBB-AFB2-24104381649E}.AppStore|iPhone.Build.0 = AppStore|iPhone
		{D3849BFD-7F63-4FBB-AFB2-24104381649E}.AppStore|iPhoneSimulator.ActiveCfg = AppStore|iPhoneSimulator
		{D3849BFD-7F63-4FBB-AFB2-24104381649E}.AppStore|iPhoneSimulator.Build.0 = AppStore|iPhoneSimulator
		{D3849BFD-7F63-4FBB-AFB2-24104381649E}.AppStore|x64.ActiveCfg = AppStore|iPhone
		{D3849BFD-7F63-4FBB-AFB2-24104381649E}.AppStore|x86.ActiveCfg = AppStore|iPhone
		{D3849BFD-7F63-4FBB-AFB2-24104381649E}.Debug|Any CPU.ActiveCfg = Debug|iPhone
		{D3849BFD-7F63-4FBB-AFB2-24104381649E}.Debug|ARM.ActiveCfg = Debug|iPhone
		{D3849BFD-7F63-4FBB-AFB2-24104381649E}.Debug|iPhone.ActiveCfg = Debug|iPhone
		{D3849BFD-7F63-4FBB-AFB2-24104381649E}.Debug|iPhone.Build.0 = Debug|iPhone
		{D3849BFD-7F63-4FBB-AFB2-24104381649E}.Debug|iPhoneSimulator.ActiveCfg = Debug|iPhoneSimulator
		{D3849BFD-7F63-4FBB-AFB2-24104381649E}.Debug|iPhoneSimulator.Build.0 = Debug|iPhoneSimulator
		{D3849BFD-7F63-4FBB-AFB2-24104381649E}.Debug|x64.ActiveCfg = Debug|iPhone
		{D3849BFD-7F63-4FBB-AFB2-24104381649E}.Debug|x86.ActiveCfg = Debug|iPhone
		{D3849BFD-7F63-4FBB-AFB2-24104381649E}.Release|Any CPU.ActiveCfg = Release|iPhone
		{D3849BFD-7F63-4FBB-AFB2-24104381649E}.Release|ARM.ActiveCfg = Release|iPhone
		{D3849BFD-7F63-4FBB-AFB2-24104381649E}.Release|iPhone.ActiveCfg = Release|iPhone
		{D3849BFD-7F63-4FBB-AFB2-24104381649E}.Release|iPhone.Build.0 = Release|iPhone
		{D3849BFD-7F63-4FBB-AFB2-24104381649E}.Release|iPhoneSimulator.ActiveCfg = Release|iPhoneSimulator
		{D3849BFD-7F63-4FBB-AFB2-24104381649E}.Release|iPhoneSimulator.Build.0 = Release|iPhoneSimulator
		{D3849BFD-7F63-4FBB-AFB2-24104381649E}.Release|x64.ActiveCfg = Release|iPhone
		{D3849BFD-7F63-4FBB-AFB2-24104381649E}.Release|x86.ActiveCfg = Release|iPhone
		{632E8605-2ACD-48CF-AA61-F85C72C92EC6}.Ad-Hoc|Any CPU.ActiveCfg = Release|x86
		{632E8605-2ACD-48CF-AA61-F85C72C92EC6}.Ad-Hoc|Any CPU.Build.0 = Release|x86
		{632E8605-2ACD-48CF-AA61-F85C72C92EC6}.Ad-Hoc|Any CPU.Deploy.0 = Release|x86
		{632E8605-2ACD-48CF-AA61-F85C72C92EC6}.Ad-Hoc|ARM.ActiveCfg = Release|ARM
		{632E8605-2ACD-48CF-AA61-F85C72C92EC6}.Ad-Hoc|ARM.Build.0 = Release|ARM
		{632E8605-2ACD-48CF-AA61-F85C72C92EC6}.Ad-Hoc|ARM.Deploy.0 = Release|ARM
		{632E8605-2ACD-48CF-AA61-F85C72C92EC6}.Ad-Hoc|iPhone.ActiveCfg = Release|x86
		{632E8605-2ACD-48CF-AA61-F85C72C92EC6}.Ad-Hoc|iPhone.Build.0 = Release|x86
		{632E8605-2ACD-48CF-AA61-F85C72C92EC6}.Ad-Hoc|iPhone.Deploy.0 = Release|x86
		{632E8605-2ACD-48CF-AA61-F85C72C92EC6}.Ad-Hoc|iPhoneSimulator.ActiveCfg = Release|x86
		{632E8605-2ACD-48CF-AA61-F85C72C92EC6}.Ad-Hoc|iPhoneSimulator.Build.0 = Release|x86
		{632E8605-2ACD-48CF-AA61-F85C72C92EC6}.Ad-Hoc|iPhoneSimulator.Deploy.0 = Release|x86
		{632E8605-2ACD-48CF-AA61-F85C72C92EC6}.Ad-Hoc|x64.ActiveCfg = Release|x64
		{632E8605-2ACD-48CF-AA61-F85C72C92EC6}.Ad-Hoc|x64.Build.0 = Release|x64
		{632E8605-2ACD-48CF-AA61-F85C72C92EC6}.Ad-Hoc|x64.Deploy.0 = Release|x64
		{632E8605-2ACD-48CF-AA61-F85C72C92EC6}.Ad-Hoc|x86.ActiveCfg = Release|x86
		{632E8605-2ACD-48CF-AA61-F85C72C92EC6}.Ad-Hoc|x86.Build.0 = Release|x86
		{632E8605-2ACD-48CF-AA61-F85C72C92EC6}.Ad-Hoc|x86.Deploy.0 = Release|x86
		{632E8605-2ACD-48CF-AA61-F85C72C92EC6}.AppStore|Any CPU.ActiveCfg = Release|x86
		{632E8605-2ACD-48CF-AA61-F85C72C92EC6}.AppStore|Any CPU.Build.0 = Release|x86
		{632E8605-2ACD-48CF-AA61-F85C72C92EC6}.AppStore|Any CPU.Deploy.0 = Release|x86
		{632E8605-2ACD-48CF-AA61-F85C72C92EC6}.AppStore|ARM.ActiveCfg = Release|ARM
		{632E8605-2ACD-48CF-AA61-F85C72C92EC6}.AppStore|ARM.Build.0 = Release|ARM
		{632E8605-2ACD-48CF-AA61-F85C72C92EC6}.AppStore|ARM.Deploy.0 = Release|ARM
		{632E8605-2ACD-48CF-AA61-F85C72C92EC6}.AppStore|iPhone.ActiveCfg = Release|x86
		{632E8605-2ACD-48CF-AA61-F85C72C92EC6}.AppStore|iPhone.Build.0 = Release|x86
		{632E8605-2ACD-48CF-AA61-F85C72C92EC6}.AppStore|iPhone.Deploy.0 = Release|x86
		{632E8605-2ACD-48CF-AA61-F85C72C92EC6}.AppStore|iPhoneSimulator.ActiveCfg = Release|x86
		{632E8605-2ACD-48CF-AA61-F85C72C92EC6}.AppStore|iPhoneSimulator.Build.0 = Release|x86
		{632E8605-2ACD-48CF-AA61-F85C72C92EC6}.AppStore|iPhoneSimulator.Deploy.0 = Release|x86
		{632E8605-2ACD-48CF-AA61-F85C72C92EC6}.AppStore|x64.ActiveCfg = Release|x64
		{632E8605-2ACD-48CF-AA61-F85C72C92EC6}.AppStore|x64.Build.0 = Release|x64
		{632E8605-2ACD-48CF-AA61-F85C72C92EC6}.AppStore|x64.Deploy.0 = Release|x64
		{632E8605-2ACD-48CF-AA61-F85C72C92EC6}.AppStore|x86.ActiveCfg = Release|x86
		{632E8605-2ACD-48CF-AA61-F85C72C92EC6}.AppStore|x86.Build.0 = Release|x86
		{632E8605-2ACD-48CF-AA61-F85C72C92EC6}.AppStore|x86.Deploy.0 = Release|x86
		{632E8605-2ACD-48CF-AA61-F85C72C92EC6}.Debug|Any CPU.ActiveCfg = Debug|ARM
		{632E8605-2ACD-48CF-AA61-F85C72C92EC6}.Debug|Any CPU.Build.0 = Debug|ARM
		{632E8605-2ACD-48CF-AA61-F85C72C92EC6}.Debug|Any CPU.Deploy.0 = Debug|ARM
		{632E8605-2ACD-48CF-AA61-F85C72C92EC6}.Debug|ARM.ActiveCfg = Debug|ARM
		{632E8605-2ACD-48CF-AA61-F85C72C92EC6}.Debug|ARM.Build.0 = Debug|ARM
		{632E8605-2ACD-48CF-AA61-F85C72C92EC6}.Debug|ARM.Deploy.0 = Debug|ARM
		{632E8605-2ACD-48CF-AA61-F85C72C92EC6}.Debug|iPhone.ActiveCfg = Debug|x86
		{632E8605-2ACD-48CF-AA61-F85C72C92EC6}.Debug|iPhoneSimulator.ActiveCfg = Debug|x86
		{632E8605-2ACD-48CF-AA61-F85C72C92EC6}.Debug|x64.ActiveCfg = Debug|x64
		{632E8605-2ACD-48CF-AA61-F85C72C92EC6}.Debug|x64.Build.0 = Debug|x64
		{632E8605-2ACD-48CF-AA61-F85C72C92EC6}.Debug|x64.Deploy.0 = Debug|x64
		{632E8605-2ACD-48CF-AA61-F85C72C92EC6}.Debug|x86.ActiveCfg = Debug|x86
		{632E8605-2ACD-48CF-AA61-F85C72C92EC6}.Debug|x86.Build.0 = Debug|x86
		{632E8605-2ACD-48CF-AA61-F85C72C92EC6}.Debug|x86.Deploy.0 = Debug|x86
		{632E8605-2ACD-48CF-AA61-F85C72C92EC6}.Release|Any CPU.ActiveCfg = Release|x86
		{632E8605-2ACD-48CF-AA61-F85C72C92EC6}.Release|ARM.ActiveCfg = Release|ARM
		{632E8605-2ACD-48CF-AA61-F85C72C92EC6}.Release|ARM.Build.0 = Release|ARM
		{632E8605-2ACD-48CF-AA61-F85C72C92EC6}.Release|ARM.Deploy.0 = Release|ARM
		{632E8605-2ACD-48CF-AA61-F85C72C92EC6}.Release|iPhone.ActiveCfg = Release|x86
		{632E8605-2ACD-48CF-AA61-F85C72C92EC6}.Release|iPhoneSimulator.ActiveCfg = Release|x86
		{632E8605-2ACD-48CF-AA61-F85C72C92EC6}.Release|x64.ActiveCfg = Release|x64
		{632E8605-2ACD-48CF-AA61-F85C72C92EC6}.Release|x64.Build.0 = Release|x64
		{632E8605-2ACD-48CF-AA61-F85C72C92EC6}.Release|x64.Deploy.0 = Release|x64
		{632E8605-2ACD-48CF-AA61-F85C72C92EC6}.Release|x86.ActiveCfg = Release|x86
		{632E8605-2ACD-48CF-AA61-F85C72C92EC6}.Release|x86.Build.0 = Release|x86
		{632E8605-2ACD-48CF-AA61-F85C72C92EC6}.Release|x86.Deploy.0 = Release|x86
	EndGlobalSection
	GlobalSection(SolutionProperties) = preSolution
		HideSolutionNode = FALSE
	EndGlobalSection
EndGlobal
